
Microsoft Visual Studio Solution File, Format Version 12.00
# Visual Studio Version 17
VisualStudioVersion = 17.5.002.0
MinimumVisualStudioVersion = 10.0.40219.1
Project("{9A19103F-16F7-4668-BE54-9A1E7A4F7556}") = "dia1", "dia1\dia1.csproj", "{262EA6D6-6447-4A3E-B80F-6D5FE37C4100}"
EndProject
Project("{9A19103F-16F7-4668-BE54-9A1E7A4F7556}") = "dia2", "dia2\dia2.csproj", "{19BC37C3-2EA5-4009-AF58-337ACE53DCA2}"
EndProject
Project("{FAE04EC0-301F-11D3-BF4B-00C04F79EFBC}") = "dia3", "dia3\dia3.csproj", "{A8CF7121-8630-4850-B495-3D81931AE99D}"
EndProject
Global
	GlobalSection(SolutionConfigurationPlatforms) = preSolution
		Debug|Any CPU = Debug|Any CPU
		Release|Any CPU = Release|Any CPU
	EndGlobalSection
	GlobalSection(ProjectConfigurationPlatforms) = postSolution
		{262EA6D6-6447-4A3E-B80F-6D5FE37C4100}.Debug|Any CPU.ActiveCfg = Debug|Any CPU
		{262EA6D6-6447-4A3E-B80F-6D5FE37C4100}.Debug|Any CPU.Build.0 = Debug|Any CPU
		{262EA6D6-6447-4A3E-B80F-6D5FE37C4100}.Release|Any CPU.ActiveCfg = Release|Any CPU
		{262EA6D6-6447-4A3E-B80F-6D5FE37C4100}.Release|Any CPU.Build.0 = Release|Any CPU
		{19BC37C3-2EA5-4009-AF58-337ACE53DCA2}.Debug|Any CPU.ActiveCfg = Debug|Any CPU
		{19BC37C3-2EA5-4009-AF58-337ACE53DCA2}.Debug|Any CPU.Build.0 = Debug|Any CPU
		{19BC37C3-2EA5-4009-AF58-337ACE53DCA2}.Release|Any CPU.ActiveCfg = Release|Any CPU
		{19BC37C3-2EA5-4009-AF58-337ACE53DCA2}.Release|Any CPU.Build.0 = Release|Any CPU
		{A8CF7121-8630-4850-B495-3D81931AE99D}.Debug|Any CPU.ActiveCfg = Debug|Any CPU
		{A8CF7121-8630-4850-B495-3D81931AE99D}.Debug|Any CPU.Build.0 = Debug|Any CPU
		{A8CF7121-8630-4850-B495-3D81931AE99D}.Release|Any CPU.ActiveCfg = Release|Any CPU
		{A8CF7121-8630-4850-B495-3D81931AE99D}.Release|Any CPU.Build.0 = Release|Any CPU
	EndGlobalSection
	GlobalSection(SolutionProperties) = preSolution
		HideSolutionNode = FALSE
	EndGlobalSection
	GlobalSection(ExtensibilityGlobals) = postSolution
		SolutionGuid = {38402BD4-3881-432F-897D-A63926CEA695}
	EndGlobalSection
EndGlobal
